
Microsoft Visual Studio Solution File, Format Version 12.00
# Visual Studio Version 17
VisualStudioVersion = 17.5.33530.505
MinimumVisualStudioVersion = 10.0.40219.1
Project("{FAE04EC0-301F-11D3-BF4B-00C04F79EFBC}") = "Arch_Patterns", "Arch_Patterns\Arch_Patterns.csproj", "{6C6A8872-777F-46B1-956D-0C2D3B52A46B}"
EndProject
Global
	GlobalSection(SolutionConfigurationPlatforms) = preSolution
		Debug|Any CPU = Debug|Any CPU
		Release|Any CPU = Release|Any CPU
	EndGlobalSection
	GlobalSection(ProjectConfigurationPlatforms) = postSolution
		{6C6A8872-777F-46B1-956D-0C2D3B52A46B}.Debug|Any CPU.ActiveCfg = Debug|Any CPU
		{6C6A8872-777F-46B1-956D-0C2D3B52A46B}.Debug|Any CPU.Build.0 = Debug|Any CPU
		{6C6A8872-777F-46B1-956D-0C2D3B52A46B}.Release|Any CPU.ActiveCfg = Release|Any CPU
		{6C6A8872-777F-46B1-956D-0C2D3B52A46B}.Release|Any CPU.Build.0 = Release|Any CPU
	EndGlobalSection
	GlobalSection(SolutionProperties) = preSolution
		HideSolutionNode = FALSE
	EndGlobalSection
	GlobalSection(ExtensibilityGlobals) = postSolution
		SolutionGuid = {A063256D-71DD-44A0-901F-81A84CAF8ECC}
	EndGlobalSection
EndGlobal
